
Microsoft Visual Studio Solution File, Format Version 12.00
# Visual Studio Version 17
VisualStudioVersion = 17.14.36401.2
MinimumVisualStudioVersion = 10.0.40219.1
Project("{FAE04EC0-301F-11D3-BF4B-00C04F79EFBC}") = "NnhlDotNetCoreTraining.ConsoleApp", "NnhlDotNetCoreTraining.ConsoleApp\NnhlDotNetCoreTraining.ConsoleApp.csproj", "{F3E2B1EA-6435-49AB-9046-C70DE3C44A1D}"
EndProject
Project("{FAE04EC0-301F-11D3-BF4B-00C04F79EFBC}") = "NnhlDotNetCoreTraining.Database", "NnhlDotNetCoreTraining.Database\NnhlDotNetCoreTraining.Database.csproj", "{099A522C-23AC-4AC2-BD79-DD27906E798D}"
EndProject
Project("{FAE04EC0-301F-11D3-BF4B-00C04F79EFBC}") = "NnhlDotNetCoreTraining.RestApi", "NnhlDotNetCoreTraining.RestApi\NnhlDotNetCoreTraining.RestApi.csproj", "{9B1BED87-6B71-4CB9-9BB8-76D647E8371A}"
EndProject
Project("{FAE04EC0-301F-11D3-BF4B-00C04F79EFBC}") = "NnhlDotNetCoreTraining.ConsoleApp2", "NnhlDotNetCoreTraining.ConsoleApp2\NnhlDotNetCoreTraining.ConsoleApp2.csproj", "{A9608CA8-8A17-4825-973E-5F366C875984}"
EndProject
Project("{FAE04EC0-301F-11D3-BF4B-00C04F79EFBC}") = "NnhlDotNetCoreTraining.Shared", "NnhlDotNetCoreTraining.Shared\NnhlDotNetCoreTraining.Shared.csproj", "{325A1664-3813-4761-BCDF-33841C411A24}"
EndProject
Global
	GlobalSection(SolutionConfigurationPlatforms) = preSolution
		Debug|Any CPU = Debug|Any CPU
		Release|Any CPU = Release|Any CPU
	EndGlobalSection
	GlobalSection(ProjectConfigurationPlatforms) = postSolution
		{F3E2B1EA-6435-49AB-9046-C70DE3C44A1D}.Debug|Any CPU.ActiveCfg = Debug|Any CPU
		{F3E2B1EA-6435-49AB-9046-C70DE3C44A1D}.Debug|Any CPU.Build.0 = Debug|Any CPU
		{F3E2B1EA-6435-49AB-9046-C70DE3C44A1D}.Release|Any CPU.ActiveCfg = Release|Any CPU
		{F3E2B1EA-6435-49AB-9046-C70DE3C44A1D}.Release|Any CPU.Build.0 = Release|Any CPU
		{099A522C-23AC-4AC2-BD79-DD27906E798D}.Debug|Any CPU.ActiveCfg = Debug|Any CPU
		{099A522C-23AC-4AC2-BD79-DD27906E798D}.Debug|Any CPU.Build.0 = Debug|Any CPU
		{099A522C-23AC-4AC2-BD79-DD27906E798D}.Release|Any CPU.ActiveCfg = Release|Any CPU
		{099A522C-23AC-4AC2-BD79-DD27906E798D}.Release|Any CPU.Build.0 = Release|Any CPU
		{9B1BED87-6B71-4CB9-9BB8-76D647E8371A}.Debug|Any CPU.ActiveCfg = Debug|Any CPU
		{9B1BED87-6B71-4CB9-9BB8-76D647E8371A}.Debug|Any CPU.Build.0 = Debug|Any CPU
		{9B1BED87-6B71-4CB9-9BB8-76D647E8371A}.Release|Any CPU.ActiveCfg = Release|Any CPU
		{9B1BED87-6B71-4CB9-9BB8-76D647E8371A}.Release|Any CPU.Build.0 = Release|Any CPU
		{A9608CA8-8A17-4825-973E-5F366C875984}.Debug|Any CPU.ActiveCfg = Debug|Any CPU
		{A9608CA8-8A17-4825-973E-5F366C875984}.Debug|Any CPU.Build.0 = Debug|Any CPU
		{A9608CA8-8A17-4825-973E-5F366C875984}.Release|Any CPU.ActiveCfg = Release|Any CPU
		{A9608CA8-8A17-4825-973E-5F366C875984}.Release|Any CPU.Build.0 = Release|Any CPU
		{325A1664-3813-4761-BCDF-33841C411A24}.Debug|Any CPU.ActiveCfg = Debug|Any CPU
		{325A1664-3813-4761-BCDF-33841C411A24}.Debug|Any CPU.Build.0 = Debug|Any CPU
		{325A1664-3813-4761-BCDF-33841C411A24}.Release|Any CPU.ActiveCfg = Release|Any CPU
		{325A1664-3813-4761-BCDF-33841C411A24}.Release|Any CPU.Build.0 = Release|Any CPU
	EndGlobalSection
	GlobalSection(SolutionProperties) = preSolution
		HideSolutionNode = FALSE
	EndGlobalSection
	GlobalSection(ExtensibilityGlobals) = postSolution
		SolutionGuid = {10DFE733-44D1-40C4-B58A-D01AA95470DD}
	EndGlobalSection
EndGlobal
